# This file is autogenerated, do not edit; changes may be undone by the next 'dep ensure'.


[[projects]]
  name = "github.com/Sirupsen/logrus"
  packages = ["."]
  revision = "8bdbc7bcc01dcbb8ec23dc8a28e332258d25251f"
  version = "v1.4.1"

[[projects]]
  name = "github.com/konsorten/go-windows-terminal-sequences"
  packages = ["."]
  revision = "f55edac94c9bbba5d6182a4be46d86a2c9b5b50e"
  version = "v1.0.2"

[[projects]]
  branch = "master"
  name = "golang.org/x/sys"
  packages = ["unix"]
  revision = "12500544f89f9420afe9529ba8940bf72d294972"

[solve-meta]
  analyzer-name = "dep"
  analyzer-version = 1
  inputs-digest = "7032d2317d28c77c7a6efb8f311210624dccdbb7c1ca9188713512bd835a0554"
  solver-name = "gps-cdcl"
  solver-version = 1
